// !$*UTF8*$!
{
	archiveVersion = 1;
	classes = {
	};
	objectVersion = 46;
	objects = {

/* Begin PBXBuildFile section */
		6B3EC70C1EF7F81C00369109 /* Security.framework in Frameworks */ = {isa = PBXBuildFile; fileRef = 6B3EC70B1EF7F81C00369109 /* Security.framework */; };
		6B686B971EF3E31900B993CB /* main.cpp in Sources */ = {isa = PBXBuildFile; fileRef = 6B686B961EF3E31900B993CB /* main.cpp */; };
		6B686BA51EF3E39300B993CB /* libavcodec.a in Frameworks */ = {isa = PBXBuildFile; fileRef = 6B686B9E1EF3E39300B993CB /* libavcodec.a */; };
		6B686BA61EF3E39300B993CB /* libavdevice.a in Frameworks */ = {isa = PBXBuildFile; fileRef = 6B686B9F1EF3E39300B993CB /* libavdevice.a */; };
		6B686BA71EF3E39300B993CB /* libavfilter.a in Frameworks */ = {isa = PBXBuildFile; fileRef = 6B686BA01EF3E39300B993CB /* libavfilter.a */; };
		6B686BA81EF3E39300B993CB /* libavformat.a in Frameworks */ = {isa = PBXBuildFile; fileRef = 6B686BA11EF3E39300B993CB /* libavformat.a */; };
		6B686BA91EF3E39300B993CB /* libavutil.a in Frameworks */ = {isa = PBXBuildFile; fileRef = 6B686BA21EF3E39300B993CB /* libavutil.a */; };
		6B686BAA1EF3E39300B993CB /* libswresample.a in Frameworks */ = {isa = PBXBuildFile; fileRef = 6B686BA31EF3E39300B993CB /* libswresample.a */; };
		6B686BAB1EF3E39300B993CB /* libswscale.a in Frameworks */ = {isa = PBXBuildFile; fileRef = 6B686BA41EF3E39300B993CB /* libswscale.a */; };
		6B686BAD1EF3E40B00B993CB /* libiconv.tbd in Frameworks */ = {isa = PBXBuildFile; fileRef = 6B686BAC1EF3E40B00B993CB /* libiconv.tbd */; };
		6B686BAF1EF3E4DB00B993CB /* AudioToolbox.framework in Frameworks */ = {isa = PBXBuildFile; fileRef = 6B686BAE1EF3E4DB00B993CB /* AudioToolbox.framework */; };
		6B686BB11EF3E4FA00B993CB /* VideoToolbox.framework in Frameworks */ = {isa = PBXBuildFile; fileRef = 6B686BB01EF3E4FA00B993CB /* VideoToolbox.framework */; };
		6B686BB31EF3E62600B993CB /* libz.tbd in Frameworks */ = {isa = PBXBuildFile; fileRef = 6B686BB21EF3E62600B993CB /* libz.tbd */; };
		6B686BB61EF3E69500B993CB /* CoreVideo.framework in Frameworks */ = {isa = PBXBuildFile; fileRef = 6B686BB41EF3E69500B993CB /* CoreVideo.framework */; };
		6B686BB71EF3E69500B993CB /* VideoDecodeAcceleration.framework in Frameworks */ = {isa = PBXBuildFile; fileRef = 6B686BB51EF3E69500B993CB /* VideoDecodeAcceleration.framework */; };
		6B686BB91EF3E6A500B993CB /* CoreFoundation.framework in Frameworks */ = {isa = PBXBuildFile; fileRef = 6B686BB81EF3E6A500B993CB /* CoreFoundation.framework */; };
		6B686BBB1EF3E7B900B993CB /* CoreMedia.framework in Frameworks */ = {isa = PBXBuildFile; fileRef = 6B686BBA1EF3E7B900B993CB /* CoreMedia.framework */; };
		6B686BBD1EF3E7BF00B993CB /* AVFoundation.framework in Frameworks */ = {isa = PBXBuildFile; fileRef = 6B686BBC1EF3E7BF00B993CB /* AVFoundation.framework */; };
/* End PBXBuildFile section */

/* Begin PBXCopyFilesBuildPhase section */
		6B686B911EF3E31900B993CB /* CopyFiles */ = {
			isa = PBXCopyFilesBuildPhase;
			buildActionMask = 2147483647;
			dstPath = /usr/share/man/man1/;
			dstSubfolderSpec = 0;
			files = (
			);
			runOnlyForDeploymentPostprocessing = 1;
		};
/* End PBXCopyFilesBuildPhase section */

/* Begin PBXFileReference section */
		6B3EC70B1EF7F81C00369109 /* Security.framework */ = {isa = PBXFileReference; lastKnownFileType = wrapper.framework; name = Security.framework; path = System/Library/Frameworks/Security.framework; sourceTree = SDKROOT; };
		6B686B931EF3E31900B993CB /* TestFFMPEG */ = {isa = PBXFileReference; explicitFileType = "compiled.mach-o.executable"; includeInIndex = 0; path = TestFFMPEG; sourceTree = BUILT_PRODUCTS_DIR; };
		6B686B961EF3E31900B993CB /* main.cpp */ = {isa = PBXFileReference; lastKnownFileType = sourcecode.cpp.cpp; path = main.cpp; sourceTree = "<group>"; };
		6B686B9E1EF3E39300B993CB /* libavcodec.a */ = {isa = PBXFileReference; lastKnownFileType = archive.ar; name = libavcodec.a; path = TestFFMPEG/lib/libavcodec.a; sourceTree = "<group>"; };
		6B686B9F1EF3E39300B993CB /* libavdevice.a */ = {isa = PBXFileReference; lastKnownFileType = archive.ar; name = libavdevice.a; path = TestFFMPEG/lib/libavdevice.a; sourceTree = "<group>"; };
		6B686BA01EF3E39300B993CB /* libavfilter.a */ = {isa = PBXFileReference; lastKnownFileType = archive.ar; name = libavfilter.a; path = TestFFMPEG/lib/libavfilter.a; sourceTree = "<group>"; };
		6B686BA11EF3E39300B993CB /* libavformat.a */ = {isa = PBXFileReference; lastKnownFileType = archive.ar; name = libavformat.a; path = TestFFMPEG/lib/libavformat.a; sourceTree = "<group>"; };
		6B686BA21EF3E39300B993CB /* libavutil.a */ = {isa = PBXFileReference; lastKnownFileType = archive.ar; name = libavutil.a; path = TestFFMPEG/lib/libavutil.a; sourceTree = "<group>"; };
		6B686BA31EF3E39300B993CB /* libswresample.a */ = {isa = PBXFileReference; lastKnownFileType = archive.ar; name = libswresample.a; path = TestFFMPEG/lib/libswresample.a; sourceTree = "<group>"; };
		6B686BA41EF3E39300B993CB /* libswscale.a */ = {isa = PBXFileReference; lastKnownFileType = archive.ar; name = libswscale.a; path = TestFFMPEG/lib/libswscale.a; sourceTree = "<group>"; };
		6B686BAC1EF3E40B00B993CB /* libiconv.tbd */ = {isa = PBXFileReference; lastKnownFileType = "sourcecode.text-based-dylib-definition"; name = libiconv.tbd; path = usr/lib/libiconv.tbd; sourceTree = SDKROOT; };
		6B686BAE1EF3E4DB00B993CB /* AudioToolbox.framework */ = {isa = PBXFileReference; lastKnownFileType = wrapper.framework; name = AudioToolbox.framework; path = System/Library/Frameworks/AudioToolbox.framework; sourceTree = SDKROOT; };
		6B686BB01EF3E4FA00B993CB /* VideoToolbox.framework */ = {isa = PBXFileReference; lastKnownFileType = wrapper.framework; name = VideoToolbox.framework; path = System/Library/Frameworks/VideoToolbox.framework; sourceTree = SDKROOT; };
		6B686BB21EF3E62600B993CB /* libz.tbd */ = {isa = PBXFileReference; lastKnownFileType = "sourcecode.text-based-dylib-definition"; name = libz.tbd; path = usr/lib/libz.tbd; sourceTree = SDKROOT; };
		6B686BB41EF3E69500B993CB /* CoreVideo.framework */ = {isa = PBXFileReference; lastKnownFileType = wrapper.framework; name = CoreVideo.framework; path = System/Library/Frameworks/CoreVideo.framework; sourceTree = SDKROOT; };
		6B686BB51EF3E69500B993CB /* VideoDecodeAcceleration.framework */ = {isa = PBXFileReference; lastKnownFileType = wrapper.framework; name = VideoDecodeAcceleration.framework; path = System/Library/Frameworks/VideoDecodeAcceleration.framework; sourceTree = SDKROOT; };
		6B686BB81EF3E6A500B993CB /* CoreFoundation.framework */ = {isa = PBXFileReference; lastKnownFileType = wrapper.framework; name = CoreFoundation.framework; path = System/Library/Frameworks/CoreFoundation.framework; sourceTree = SDKROOT; };
		6B686BBA1EF3E7B900B993CB /* CoreMedia.framework */ = {isa = PBXFileReference; lastKnownFileType = wrapper.framework; name = CoreMedia.framework; path = System/Library/Frameworks/CoreMedia.framework; sourceTree = SDKROOT; };
		6B686BBC1EF3E7BF00B993CB /* AVFoundation.framework */ = {isa = PBXFileReference; lastKnownFileType = wrapper.framework; name = AVFoundation.framework; path = System/Library/Frameworks/AVFoundation.framework; sourceTree = SDKROOT; };
/* End PBXFileReference section */

/* Begin PBXFrameworksBuildPhase section */
		6B686B901EF3E31900B993CB /* Frameworks */ = {
			isa = PBXFrameworksBuildPhase;
			buildActionMask = 2147483647;
			files = (
				6B3EC70C1EF7F81C00369109 /* Security.framework in Frameworks */,
				6B686BBD1EF3E7BF00B993CB /* AVFoundation.framework in Frameworks */,
				6B686BBB1EF3E7B900B993CB /* CoreMedia.framework in Frameworks */,
				6B686BB91EF3E6A500B993CB /* CoreFoundation.framework in Frameworks */,
				6B686BB61EF3E69500B993CB /* CoreVideo.framework in Frameworks */,
				6B686BB71EF3E69500B993CB /* VideoDecodeAcceleration.framework in Frameworks */,
				6B686BB31EF3E62600B993CB /* libz.tbd in Frameworks */,
				6B686BB11EF3E4FA00B993CB /* VideoToolbox.framework in Frameworks */,
				6B686BAF1EF3E4DB00B993CB /* AudioToolbox.framework in Frameworks */,
				6B686BAD1EF3E40B00B993CB /* libiconv.tbd in Frameworks */,
				6B686BA51EF3E39300B993CB /* libavcodec.a in Frameworks */,
				6B686BA61EF3E39300B993CB /* libavdevice.a in Frameworks */,
				6B686BA71EF3E39300B993CB /* libavfilter.a in Frameworks */,
				6B686BA81EF3E39300B993CB /* libavformat.a in Frameworks */,
				6B686BA91EF3E39300B993CB /* libavutil.a in Frameworks */,
				6B686BAA1EF3E39300B993CB /* libswresample.a in Frameworks */,
				6B686BAB1EF3E39300B993CB /* libswscale.a in Frameworks */,
			);
			runOnlyForDeploymentPostprocessing = 0;
		};
/* End PBXFrameworksBuildPhase section */

/* Begin PBXGroup section */
		6B686B8A1EF3E31900B993CB = {
			isa = PBXGroup;
			children = (
				6B686B951EF3E31900B993CB /* TestFFMPEG */,
				6B686B941EF3E31900B993CB /* Products */,
				6B686B9D1EF3E39100B993CB /* Frameworks */,
			);
			sourceTree = "<group>";
		};
		6B686B941EF3E31900B993CB /* Products */ = {
			isa = PBXGroup;
			children = (
				6B686B931EF3E31900B993CB /* TestFFMPEG */,
			);
			name = Products;
			sourceTree = "<group>";
		};
		6B686B951EF3E31900B993CB /* TestFFMPEG */ = {
			isa = PBXGroup;
			children = (
				6B686B961EF3E31900B993CB /* main.cpp */,
			);
			path = TestFFMPEG;
			sourceTree = "<group>";
		};
		6B686B9D1EF3E39100B993CB /* Frameworks */ = {
			isa = PBXGroup;
			children = (
				6B3EC70B1EF7F81C00369109 /* Security.framework */,
				6B686BBC1EF3E7BF00B993CB /* AVFoundation.framework */,
				6B686BBA1EF3E7B900B993CB /* CoreMedia.framework */,
				6B686BB81EF3E6A500B993CB /* CoreFoundation.framework */,
				6B686BB41EF3E69500B993CB /* CoreVideo.framework */,
				6B686BB51EF3E69500B993CB /* VideoDecodeAcceleration.framework */,
				6B686BB21EF3E62600B993CB /* libz.tbd */,
				6B686BB01EF3E4FA00B993CB /* VideoToolbox.framework */,
				6B686BAE1EF3E4DB00B993CB /* AudioToolbox.framework */,
				6B686BAC1EF3E40B00B993CB /* libiconv.tbd */,
				6B686B9E1EF3E39300B993CB /* libavcodec.a */,
				6B686B9F1EF3E39300B993CB /* libavdevice.a */,
				6B686BA01EF3E39300B993CB /* libavfilter.a */,
				6B686BA11EF3E39300B993CB /* libavformat.a */,
				6B686BA21EF3E39300B993CB /* libavutil.a */,
				6B686BA31EF3E39300B993CB /* libswresample.a */,
				6B686BA41EF3E39300B993CB /* libswscale.a */,
			);
			name = Frameworks;
			sourceTree = "<group>";
		};
/* End PBXGroup section */

/* Begin PBXNativeTarget section */
		6B686B921EF3E31900B993CB /* TestFFMPEG */ = {
			isa = PBXNativeTarget;
			buildConfigurationList = 6B686B9A1EF3E31900B993CB /* Build configuration list for PBXNativeTarget "TestFFMPEG" */;
			buildPhases = (
				6B686B8F1EF3E31900B993CB /* Sources */,
				6B686B901EF3E31900B993CB /* Frameworks */,
				6B686B911EF3E31900B993CB /* CopyFiles */,
			);
			buildRules = (
			);
			dependencies = (
			);
			name = TestFFMPEG;
			productName = TestFFMPEG;
			productReference = 6B686B931EF3E31900B993CB /* TestFFMPEG */;
			productType = "com.apple.product-type.tool";
		};
/* End PBXNativeTarget section */

/* Begin PBXProject section */
		6B686B8B1EF3E31900B993CB /* Project object */ = {
			isa = PBXProject;
			attributes = {
				LastUpgradeCheck = 0830;
				ORGANIZATIONNAME = ZhongQing;
				TargetAttributes = {
					6B686B921EF3E31900B993CB = {
						CreatedOnToolsVersion = 8.3.2;
						ProvisioningStyle = Automatic;
					};
				};
			};
			buildConfigurationList = 6B686B8E1EF3E31900B993CB /* Build configuration list for PBXProject "TestFFMPEG" */;
			compatibilityVersion = "Xcode 3.2";
			developmentRegion = English;
			hasScannedForEncodings = 0;
			knownRegions = (
				en,
			);
			mainGroup = 6B686B8A1EF3E31900B993CB;
			productRefGroup = 6B686B941EF3E31900B993CB /* Products */;
			projectDirPath = "";
			projectRoot = "";
			targets = (
				6B686B921EF3E31900B993CB /* TestFFMPEG */,
			);
		};
/* End PBXProject section */

/* Begin PBXSourcesBuildPhase section */
		6B686B8F1EF3E31900B993CB /* Sources */ = {
			isa = PBXSourcesBuildPhase;
			buildActionMask = 2147483647;
			files = (
				6B686B971EF3E31900B993CB /* main.cpp in Sources */,
			);
			runOnlyForDeploymentPostprocessing = 0;
		};
/* End PBXSourcesBuildPhase section */

/* Begin XCBuildConfiguration section */
		6B686B981EF3E31900B993CB /* Debug */ = {
			isa = XCBuildConfiguration;
			buildSettings = {
				ALWAYS_SEARCH_USER_PATHS = NO;
				CLANG_ANALYZER_NONNULL = YES;
				CLANG_ANALYZER_NUMBER_OBJECT_CONVERSION = YES_AGGRESSIVE;
				CLANG_CXX_LANGUAGE_STANDARD = "gnu++0x";
				CLANG_CXX_LIBRARY = "libc++";
				CLANG_ENABLE_MODULES = YES;
				CLANG_ENABLE_OBJC_ARC = YES;
				CLANG_WARN_BOOL_CONVERSION = YES;
				CLANG_WARN_CONSTANT_CONVERSION = YES;
				CLANG_WARN_DIRECT_OBJC_ISA_USAGE = YES_ERROR;
				CLANG_WARN_DOCUMENTATION_COMMENTS = YES;
				CLANG_WARN_EMPTY_BODY = YES;
				CLANG_WARN_ENUM_CONVERSION = YES;
				CLANG_WARN_INFINITE_RECURSION = YES;
				CLANG_WARN_INT_CONVERSION = YES;
				CLANG_WARN_OBJC_ROOT_CLASS = YES_ERROR;
				CLANG_WARN_SUSPICIOUS_MOVE = YES;
				CLANG_WARN_UNREACHABLE_CODE = YES;
				CLANG_WARN__DUPLICATE_METHOD_MATCH = YES;
				CODE_SIGN_IDENTITY = "-";
				COPY_PHASE_STRIP = NO;
				DEBUG_INFORMATION_FORMAT = dwarf;
				ENABLE_STRICT_OBJC_MSGSEND = YES;
				ENABLE_TESTABILITY = YES;
				GCC_C_LANGUAGE_STANDARD = gnu99;
				GCC_DYNAMIC_NO_PIC = NO;
				GCC_NO_COMMON_BLOCKS = YES;
				GCC_OPTIMIZATION_LEVEL = 0;
				GCC_PREPROCESSOR_DEFINITIONS = (
					"DEBUG=1",
					"$(inherited)",
				);
				GCC_WARN_64_TO_32_BIT_CONVERSION = YES;
				GCC_WARN_ABOUT_RETURN_TYPE = YES_ERROR;
				GCC_WARN_UNDECLARED_SELECTOR = YES;
				GCC_WARN_UNINITIALIZED_AUTOS = YES_AGGRESSIVE;
				GCC_WARN_UNUSED_FUNCTION = YES;
				GCC_WARN_UNUSED_VARIABLE = YES;
				MACOSX_DEPLOYMENT_TARGET = 10.12;
				MTL_ENABLE_DEBUG_INFO = YES;
				ONLY_ACTIVE_ARCH = YES;
				SDKROOT = macosx;
			};
			name = Debug;
		};
		6B686B991EF3E31900B993CB /* Release */ = {
			isa = XCBuildConfiguration;
			buildSettings = {
				ALWAYS_SEARCH_USER_PATHS = NO;
				CLANG_ANALYZER_NONNULL = YES;
				CLANG_ANALYZER_NUMBER_OBJECT_CONVERSION = YES_AGGRESSIVE;
				CLANG_CXX_LANGUAGE_STANDARD = "gnu++0x";
				CLANG_CXX_LIBRARY = "libc++";
				CLANG_ENABLE_MODULES = YES;
				CLANG_ENABLE_OBJC_ARC = YES;
				CLANG_WARN_BOOL_CONVERSION = YES;
				CLANG_WARN_CONSTANT_CONVERSION = YES;
				CLANG_WARN_DIRECT_OBJC_ISA_USAGE = YES_ERROR;
				CLANG_WARN_DOCUMENTATION_COMMENTS = YES;
				CLANG_WARN_EMPTY_BODY = YES;
				CLANG_WARN_ENUM_CONVERSION = YES;
				CLANG_WARN_INFINITE_RECURSION = YES;
				CLANG_WARN_INT_CONVERSION = YES;
				CLANG_WARN_OBJC_ROOT_CLASS = YES_ERROR;
				CLANG_WARN_SUSPICIOUS_MOVE = YES;
				CLANG_WARN_UNREACHABLE_CODE = YES;
				CLANG_WARN__DUPLICATE_METHOD_MATCH = YES;
				CODE_SIGN_IDENTITY = "-";
				COPY_PHASE_STRIP = NO;
				DEBUG_INFORMATION_FORMAT = "dwarf-with-dsym";
				ENABLE_NS_ASSERTIONS = NO;
				ENABLE_STRICT_OBJC_MSGSEND = YES;
				GCC_C_LANGUAGE_STANDARD = gnu99;
				GCC_NO_COMMON_BLOCKS = YES;
				GCC_WARN_64_TO_32_BIT_CONVERSION = YES;
				GCC_WARN_ABOUT_RETURN_TYPE = YES_ERROR;
				GCC_WARN_UNDECLARED_SELECTOR = YES;
				GCC_WARN_UNINITIALIZED_AUTOS = YES_AGGRESSIVE;
				GCC_WARN_UNUSED_FUNCTION = YES;
				GCC_WARN_UNUSED_VARIABLE = YES;
				MACOSX_DEPLOYMENT_TARGET = 10.12;
				MTL_ENABLE_DEBUG_INFO = NO;
				SDKROOT = macosx;
			};
			name = Release;
		};
		6B686B9B1EF3E31900B993CB /* Debug */ = {
			isa = XCBuildConfiguration;
			buildSettings = {
				ALWAYS_SEARCH_USER_PATHS = YES;
				LIBRARY_SEARCH_PATHS = (
					"$(inherited)",
					"$(PROJECT_DIR)/TestFFMPEG/lib",
				);
				PRODUCT_NAME = "$(TARGET_NAME)";
				"USER_HEADER_SEARCH_PATHS[arch=*]" = "/Users/zhongqing/Documents/Tutorial/FFMpeg/C++Project/TestFFMPEG/TestFFMPEG/include";
			};
			name = Debug;
		};
		6B686B9C1EF3E31900B993CB /* Release */ = {
			isa = XCBuildConfiguration;
			buildSettings = {
				ALWAYS_SEARCH_USER_PATHS = YES;
				LIBRARY_SEARCH_PATHS = (
					"$(inherited)",
					"$(PROJECT_DIR)/TestFFMPEG/lib",
				);
				PRODUCT_NAME = "$(TARGET_NAME)";
				"USER_HEADER_SEARCH_PATHS[arch=*]" = "/Users/zhongqing/Documents/Tutorial/FFMpeg/C++Project/TestFFMPEG/TestFFMPEG/include";
			};
			name = Release;
		};
/* End XCBuildConfiguration section */

/* Begin XCConfigurationList section */
		6B686B8E1EF3E31900B993CB /* Build configuration list for PBXProject "TestFFMPEG" */ = {
			isa = XCConfigurationList;
			buildConfigurations = (
				6B686B981EF3E31900B993CB /* Debug */,
				6B686B991EF3E31900B993CB /* Release */,
			);
			defaultConfigurationIsVisible = 0;
			defaultConfigurationName = Release;
		};
		6B686B9A1EF3E31900B993CB /* Build configuration list for PBXNativeTarget "TestFFMPEG" */ = {
			isa = XCConfigurationList;
			buildConfigurations = (
				6B686B9B1EF3E31900B993CB /* Debug */,
				6B686B9C1EF3E31900B993CB /* Release */,
			);
			defaultConfigurationIsVisible = 0;
			defaultConfigurationName = Release;
		};
/* End XCConfigurationList section */
	};
	rootObject = 6B686B8B1EF3E31900B993CB /* Project object */;
}
